
Microsoft Visual Studio Solution File, Format Version 12.00
# Visual Studio Version 17
VisualStudioVersion = 17.11.35312.102
MinimumVisualStudioVersion = 10.0.40219.1
Project("{FAE04EC0-301F-11D3-BF4B-00C04F79EFBC}") = "BaiTapB", "BaiTapB\BaiTapB.csproj", "{79024D68-1578-4CA1-B59C-2160F8FB39CB}"
EndProject
Global
	GlobalSection(SolutionConfigurationPlatforms) = preSolution
		Debug|Any CPU = Debug|Any CPU
		Release|Any CPU = Release|Any CPU
	EndGlobalSection
	GlobalSection(ProjectConfigurationPlatforms) = postSolution
		{79024D68-1578-4CA1-B59C-2160F8FB39CB}.Debug|Any CPU.ActiveCfg = Debug|Any CPU
		{79024D68-1578-4CA1-B59C-2160F8FB39CB}.Debug|Any CPU.Build.0 = Debug|Any CPU
		{79024D68-1578-4CA1-B59C-2160F8FB39CB}.Release|Any CPU.ActiveCfg = Release|Any CPU
		{79024D68-1578-4CA1-B59C-2160F8FB39CB}.Release|Any CPU.Build.0 = Release|Any CPU
	EndGlobalSection
	GlobalSection(SolutionProperties) = preSolution
		HideSolutionNode = FALSE
	EndGlobalSection
	GlobalSection(ExtensibilityGlobals) = postSolution
		SolutionGuid = {3EDB852F-DEE9-4F3B-AC26-75B64F5FE955}
	EndGlobalSection
EndGlobal
